
Microsoft Visual Studio Solution File, Format Version 12.00
# Visual Studio Version 16
VisualStudioVersion = 16.0.29519.87
MinimumVisualStudioVersion = 10.0.40219.1
Project("{F2A71F9B-5D33-465A-A702-920D77279786}") = "RestaurantReservation", "RestaurantReservation\RestaurantReservation.fsproj", "{1E9A4755-B3C4-4166-87B7-A342A2384F6A}"
EndProject
Global
	GlobalSection(SolutionConfigurationPlatforms) = preSolution
		Debug|Any CPU = Debug|Any CPU
		Release|Any CPU = Release|Any CPU
	EndGlobalSection
	GlobalSection(ProjectConfigurationPlatforms) = postSolution
		{1E9A4755-B3C4-4166-87B7-A342A2384F6A}.Debug|Any CPU.ActiveCfg = Debug|Any CPU
		{1E9A4755-B3C4-4166-87B7-A342A2384F6A}.Debug|Any CPU.Build.0 = Debug|Any CPU
		{1E9A4755-B3C4-4166-87B7-A342A2384F6A}.Release|Any CPU.ActiveCfg = Release|Any CPU
		{1E9A4755-B3C4-4166-87B7-A342A2384F6A}.Release|Any CPU.Build.0 = Release|Any CPU
	EndGlobalSection
	GlobalSection(SolutionProperties) = preSolution
		HideSolutionNode = FALSE
	EndGlobalSection
	GlobalSection(ExtensibilityGlobals) = postSolution
		SolutionGuid = {E17B4724-9253-4A3A-9F47-0D1EC3B6388A}
	EndGlobalSection
EndGlobal
